
Microsoft Visual Studio Solution File, Format Version 12.00
# Visual Studio 15
VisualStudioVersion = 15.0.27130.2027
MinimumVisualStudioVersion = 10.0.40219.1
Project("{FAE04EC0-301F-11D3-BF4B-00C04F79EFBC}") = "S3FileUploaderGeekOut", "S3FileUploaderGeekOut\S3FileUploaderGeekOut.csproj", "{AEFA197E-7650-40EC-8FF7-69B7F3A42521}"
EndProject
Global
	GlobalSection(SolutionConfigurationPlatforms) = preSolution
		Debug|Any CPU = Debug|Any CPU
		Release|Any CPU = Release|Any CPU
	EndGlobalSection
	GlobalSection(ProjectConfigurationPlatforms) = postSolution
		{AEFA197E-7650-40EC-8FF7-69B7F3A42521}.Debug|Any CPU.ActiveCfg = Debug|Any CPU
		{AEFA197E-7650-40EC-8FF7-69B7F3A42521}.Debug|Any CPU.Build.0 = Debug|Any CPU
		{AEFA197E-7650-40EC-8FF7-69B7F3A42521}.Release|Any CPU.ActiveCfg = Release|Any CPU
		{AEFA197E-7650-40EC-8FF7-69B7F3A42521}.Release|Any CPU.Build.0 = Release|Any CPU
	EndGlobalSection
	GlobalSection(SolutionProperties) = preSolution
		HideSolutionNode = FALSE
	EndGlobalSection
	GlobalSection(ExtensibilityGlobals) = postSolution
		SolutionGuid = {E72464A1-2C1F-4B9A-AE32-A66D908B66F2}
	EndGlobalSection
EndGlobal
